// !$*UTF8*$!
{
	archiveVersion = 1;
	classes = {
	};
	objectVersion = 50;
	objects = {

/* Begin PBXBuildFile section */
		EBC65DA924F846F2004BF4A9 /* AppDelegate.swift in Sources */ = {isa = PBXBuildFile; fileRef = EBC65DA824F846F2004BF4A9 /* AppDelegate.swift */; };
		EBC65DAB24F846F2004BF4A9 /* SceneDelegate.swift in Sources */ = {isa = PBXBuildFile; fileRef = EBC65DAA24F846F2004BF4A9 /* SceneDelegate.swift */; };
		EBC65DAD24F846F2004BF4A9 /* ContentView.swift in Sources */ = {isa = PBXBuildFile; fileRef = EBC65DAC24F846F2004BF4A9 /* ContentView.swift */; };
		EBC65DAF24F846F6004BF4A9 /* Assets.xcassets in Resources */ = {isa = PBXBuildFile; fileRef = EBC65DAE24F846F6004BF4A9 /* Assets.xcassets */; };
		EBC65DB224F846F6004BF4A9 /* Preview Assets.xcassets in Resources */ = {isa = PBXBuildFile; fileRef = EBC65DB124F846F6004BF4A9 /* Preview Assets.xcassets */; };
		EBC65DB524F846F6004BF4A9 /* LaunchScreen.storyboard in Resources */ = {isa = PBXBuildFile; fileRef = EBC65DB324F846F6004BF4A9 /* LaunchScreen.storyboard */; };
/* End PBXBuildFile section */

/* Begin PBXFileReference section */
		EBC65DA524F846F2004BF4A9 /* NavigationBug.app */ = {isa = PBXFileReference; explicitFileType = wrapper.application; includeInIndex = 0; path = NavigationBug.app; sourceTree = BUILT_PRODUCTS_DIR; };
		EBC65DA824F846F2004BF4A9 /* AppDelegate.swift */ = {isa = PBXFileReference; lastKnownFileType = sourcecode.swift; path = AppDelegate.swift; sourceTree = "<group>"; };
		EBC65DAA24F846F2004BF4A9 /* SceneDelegate.swift */ = {isa = PBXFileReference; lastKnownFileType = sourcecode.swift; path = SceneDelegate.swift; sourceTree = "<group>"; };
		EBC65DAC24F846F2004BF4A9 /* ContentView.swift */ = {isa = PBXFileReference; lastKnownFileType = sourcecode.swift; path = ContentView.swift; sourceTree = "<group>"; };
		EBC65DAE24F846F6004BF4A9 /* Assets.xcassets */ = {isa = PBXFileReference; lastKnownFileType = folder.assetcatalog; path = Assets.xcassets; sourceTree = "<group>"; };
		EBC65DB124F846F6004BF4A9 /* Preview Assets.xcassets */ = {isa = PBXFileReference; lastKnownFileType = folder.assetcatalog; path = "Preview Assets.xcassets"; sourceTree = "<group>"; };
		EBC65DB424F846F6004BF4A9 /* Base */ = {isa = PBXFileReference; lastKnownFileType = file.storyboard; name = Base; path = Base.lproj/LaunchScreen.storyboard; sourceTree = "<group>"; };
		EBC65DB624F846F6004BF4A9 /* Info.plist */ = {isa = PBXFileReference; lastKnownFileType = text.plist.xml; path = Info.plist; sourceTree = "<group>"; };
/* End PBXFileReference section */

/* Begin PBXFrameworksBuildPhase section */
		EBC65DA224F846F2004BF4A9 /* Frameworks */ = {
			isa = PBXFrameworksBuildPhase;
			buildActionMask = 2147483647;
			files = (
			);
			runOnlyForDeploymentPostprocessing = 0;
		};
/* End PBXFrameworksBuildPhase section */

/* Begin PBXGroup section */
		EBC65D9C24F846F2004BF4A9 = {
			isa = PBXGroup;
			children = (
				EBC65DA724F846F2004BF4A9 /* NavigationBug */,
				EBC65DA624F846F2004BF4A9 /* Products */,
			);
			sourceTree = "<group>";
		};
		EBC65DA624F846F2004BF4A9 /* Products */ = {
			isa = PBXGroup;
			children = (
				EBC65DA524F846F2004BF4A9 /* NavigationBug.app */,
			);
			name = Products;
			sourceTree = "<group>";
		};
		EBC65DA724F846F2004BF4A9 /* NavigationBug */ = {
			isa = PBXGroup;
			children = (
				EBC65DA824F846F2004BF4A9 /* AppDelegate.swift */,
				EBC65DAA24F846F2004BF4A9 /* SceneDelegate.swift */,
				EBC65DAC24F846F2004BF4A9 /* ContentView.swift */,
				EBC65DAE24F846F6004BF4A9 /* Assets.xcassets */,
				EBC65DB324F846F6004BF4A9 /* LaunchScreen.storyboard */,
				EBC65DB624F846F6004BF4A9 /* Info.plist */,
				EBC65DB024F846F6004BF4A9 /* Preview Content */,
			);
			path = NavigationBug;
			sourceTree = "<group>";
		};
		EBC65DB024F846F6004BF4A9 /* Preview Content */ = {
			isa = PBXGroup;
			children = (
				EBC65DB124F846F6004BF4A9 /* Preview Assets.xcassets */,
			);
			path = "Preview Content";
			sourceTree = "<group>";
		};
/* End PBXGroup section */

/* Begin PBXNativeTarget section */
		EBC65DA424F846F2004BF4A9 /* NavigationBug */ = {
			isa = PBXNativeTarget;
			buildConfigurationList = EBC65DB924F846F6004BF4A9 /* Build configuration list for PBXNativeTarget "NavigationBug" */;
			buildPhases = (
				EBC65DA124F846F2004BF4A9 /* Sources */,
				EBC65DA224F846F2004BF4A9 /* Frameworks */,
				EBC65DA324F846F2004BF4A9 /* Resources */,
			);
			buildRules = (
			);
			dependencies = (
			);
			name = NavigationBug;
			productName = NavigationBug;
			productReference = EBC65DA524F846F2004BF4A9 /* NavigationBug.app */;
			productType = "com.apple.product-type.application";
		};
/* End PBXNativeTarget section */

/* Begin PBXProject section */
		EBC65D9D24F846F2004BF4A9 /* Project object */ = {
			isa = PBXProject;
			attributes = {
				LastSwiftUpdateCheck = 1160;
				LastUpgradeCheck = 1160;
				ORGANIZATIONNAME = Quiq;
				TargetAttributes = {
					EBC65DA424F846F2004BF4A9 = {
						CreatedOnToolsVersion = 11.6;
					};
				};
			};
			buildConfigurationList = EBC65DA024F846F2004BF4A9 /* Build configuration list for PBXProject "NavigationBug" */;
			compatibilityVersion = "Xcode 9.3";
			developmentRegion = en;
			hasScannedForEncodings = 0;
			knownRegions = (
				en,
				Base,
			);
			mainGroup = EBC65D9C24F846F2004BF4A9;
			productRefGroup = EBC65DA624F846F2004BF4A9 /* Products */;
			projectDirPath = "";
			projectRoot = "";
			targets = (
				EBC65DA424F846F2004BF4A9 /* NavigationBug */,
			);
		};
/* End PBXProject section */

/* Begin PBXResourcesBuildPhase section */
		EBC65DA324F846F2004BF4A9 /* Resources */ = {
			isa = PBXResourcesBuildPhase;
			buildActionMask = 2147483647;
			files = (
				EBC65DB524F846F6004BF4A9 /* LaunchScreen.storyboard in Resources */,
				EBC65DB224F846F6004BF4A9 /* Preview Assets.xcassets in Resources */,
				EBC65DAF24F846F6004BF4A9 /* Assets.xcassets in Resources */,
			);
			runOnlyForDeploymentPostprocessing = 0;
		};
/* End PBXResourcesBuildPhase section */

/* Begin PBXSourcesBuildPhase section */
		EBC65DA124F846F2004BF4A9 /* Sources */ = {
			isa = PBXSourcesBuildPhase;
			buildActionMask = 2147483647;
			files = (
				EBC65DA924F846F2004BF4A9 /* AppDelegate.swift in Sources */,
				EBC65DAB24F846F2004BF4A9 /* SceneDelegate.swift in Sources */,
				EBC65DAD24F846F2004BF4A9 /* ContentView.swift in Sources */,
			);
			runOnlyForDeploymentPostprocessing = 0;
		};
/* End PBXSourcesBuildPhase section */

/* Begin PBXVariantGroup section */
		EBC65DB324F846F6004BF4A9 /* LaunchScreen.storyboard */ = {
			isa = PBXVariantGroup;
			children = (
				EBC65DB424F846F6004BF4A9 /* Base */,
			);
			name = LaunchScreen.storyboard;
			sourceTree = "<group>";
		};
/* End PBXVariantGroup section */

/* Begin XCBuildConfiguration section */
		EBC65DB724F846F6004BF4A9 /* Debug */ = {
			isa = XCBuildConfiguration;
			buildSettings = {
				ALWAYS_SEARCH_USER_PATHS = NO;
				CLANG_ANALYZER_NONNULL = YES;
				CLANG_ANALYZER_NUMBER_OBJECT_CONVERSION = YES_AGGRESSIVE;
				CLANG_CXX_LANGUAGE_STANDARD = "gnu++14";
				CLANG_CXX_LIBRARY = "libc++";
				CLANG_ENABLE_MODULES = YES;
				CLANG_ENABLE_OBJC_ARC = YES;
				CLANG_ENABLE_OBJC_WEAK = YES;
				CLANG_WARN_BLOCK_CAPTURE_AUTORELEASING = YES;
				CLANG_WARN_BOOL_CONVERSION = YES;
				CLANG_WARN_COMMA = YES;
				CLANG_WARN_CONSTANT_CONVERSION = YES;
				CLANG_WARN_DEPRECATED_OBJC_IMPLEMENTATIONS = YES;
				CLANG_WARN_DIRECT_OBJC_ISA_USAGE = YES_ERROR;
				CLANG_WARN_DOCUMENTATION_COMMENTS = YES;
				CLANG_WARN_EMPTY_BODY = YES;
				CLANG_WARN_ENUM_CONVERSION = YES;
				CLANG_WARN_INFINITE_RECURSION = YES;
				CLANG_WARN_INT_CONVERSION = YES;
				CLANG_WARN_NON_LITERAL_NULL_CONVERSION = YES;
				CLANG_WARN_OBJC_IMPLICIT_RETAIN_SELF = YES;
				CLANG_WARN_OBJC_LITERAL_CONVERSION = YES;
				CLANG_WARN_OBJC_ROOT_CLASS = YES_ERROR;
				CLANG_WARN_RANGE_LOOP_ANALYSIS = YES;
				CLANG_WARN_STRICT_PROTOTYPES = YES;
				CLANG_WARN_SUSPICIOUS_MOVE = YES;
				CLANG_WARN_UNGUARDED_AVAILABILITY = YES_AGGRESSIVE;
				CLANG_WARN_UNREACHABLE_CODE = YES;
				CLANG_WARN__DUPLICATE_METHOD_MATCH = YES;
				COPY_PHASE_STRIP = NO;
				DEBUG_INFORMATION_FORMAT = dwarf;
				ENABLE_STRICT_OBJC_MSGSEND = YES;
				ENABLE_TESTABILITY = YES;
				GCC_C_LANGUAGE_STANDARD = gnu11;
				GCC_DYNAMIC_NO_PIC = NO;
				GCC_NO_COMMON_BLOCKS = YES;
				GCC_OPTIMIZATION_LEVEL = 0;
				GCC_PREPROCESSOR_DEFINITIONS = (
					"DEBUG=1",
					"$(inherited)",
				);
				GCC_WARN_64_TO_32_BIT_CONVERSION = YES;
				GCC_WARN_ABOUT_RETURN_TYPE = YES_ERROR;
				GCC_WARN_UNDECLARED_SELECTOR = YES;
				GCC_WARN_UNINITIALIZED_AUTOS = YES_AGGRESSIVE;
				GCC_WARN_UNUSED_FUNCTION = YES;
				GCC_WARN_UNUSED_VARIABLE = YES;
				IPHONEOS_DEPLOYMENT_TARGET = 13.6;
				MTL_ENABLE_DEBUG_INFO = INCLUDE_SOURCE;
				MTL_FAST_MATH = YES;
				ONLY_ACTIVE_ARCH = YES;
				SDKROOT = iphoneos;
				SWIFT_ACTIVE_COMPILATION_CONDITIONS = DEBUG;
				SWIFT_OPTIMIZATION_LEVEL = "-Onone";
			};
			name = Debug;
		};
		EBC65DB824F846F6004BF4A9 /* Release */ = {
			isa = XCBuildConfiguration;
			buildSettings = {
				ALWAYS_SEARCH_USER_PATHS = NO;
				CLANG_ANALYZER_NONNULL = YES;
				CLANG_ANALYZER_NUMBER_OBJECT_CONVERSION = YES_AGGRESSIVE;
				CLANG_CXX_LANGUAGE_STANDARD = "gnu++14";
				CLANG_CXX_LIBRARY = "libc++";
				CLANG_ENABLE_MODULES = YES;
				CLANG_ENABLE_OBJC_ARC = YES;
				CLANG_ENABLE_OBJC_WEAK = YES;
				CLANG_WARN_BLOCK_CAPTURE_AUTORELEASING = YES;
				CLANG_WARN_BOOL_CONVERSION = YES;
				CLANG_WARN_COMMA = YES;
				CLANG_WARN_CONSTANT_CONVERSION = YES;
				CLANG_WARN_DEPRECATED_OBJC_IMPLEMENTATIONS = YES;
				CLANG_WARN_DIRECT_OBJC_ISA_USAGE = YES_ERROR;
				CLANG_WARN_DOCUMENTATION_COMMENTS = YES;
				CLANG_WARN_EMPTY_BODY = YES;
				CLANG_WARN_ENUM_CONVERSION = YES;
				CLANG_WARN_INFINITE_RECURSION = YES;
				CLANG_WARN_INT_CONVERSION = YES;
				CLANG_WARN_NON_LITERAL_NULL_CONVERSION = YES;
				CLANG_WARN_OBJC_IMPLICIT_RETAIN_SELF = YES;
				CLANG_WARN_OBJC_LITERAL_CONVERSION = YES;
				CLANG_WARN_OBJC_ROOT_CLASS = YES_ERROR;
				CLANG_WARN_RANGE_LOOP_ANALYSIS = YES;
				CLANG_WARN_STRICT_PROTOTYPES = YES;
				CLANG_WARN_SUSPICIOUS_MOVE = YES;
				CLANG_WARN_UNGUARDED_AVAILABILITY = YES_AGGRESSIVE;
				CLANG_WARN_UNREACHABLE_CODE = YES;
				CLANG_WARN__DUPLICATE_METHOD_MATCH = YES;
				COPY_PHASE_STRIP = NO;
				DEBUG_INFORMATION_FORMAT = "dwarf-with-dsym";
				ENABLE_NS_ASSERTIONS = NO;
				ENABLE_STRICT_OBJC_MSGSEND = YES;
				GCC_C_LANGUAGE_STANDARD = gnu11;
				GCC_NO_COMMON_BLOCKS = YES;
				GCC_WARN_64_TO_32_BIT_CONVERSION = YES;
				GCC_WARN_ABOUT_RETURN_TYPE = YES_ERROR;
				GCC_WARN_UNDECLARED_SELECTOR = YES;
				GCC_WARN_UNINITIALIZED_AUTOS = YES_AGGRESSIVE;
				GCC_WARN_UNUSED_FUNCTION = YES;
				GCC_WARN_UNUSED_VARIABLE = YES;
				IPHONEOS_DEPLOYMENT_TARGET = 13.6;
				MTL_ENABLE_DEBUG_INFO = NO;
				MTL_FAST_MATH = YES;
				SDKROOT = iphoneos;
				SWIFT_COMPILATION_MODE = wholemodule;
				SWIFT_OPTIMIZATION_LEVEL = "-O";
				VALIDATE_PRODUCT = YES;
			};
			name = Release;
		};
		EBC65DBA24F846F6004BF4A9 /* Debug */ = {
			isa = XCBuildConfiguration;
			buildSettings = {
				ASSETCATALOG_COMPILER_APPICON_NAME = AppIcon;
				CODE_SIGN_STYLE = Automatic;
				DEVELOPMENT_ASSET_PATHS = "\"NavigationBug/Preview Content\"";
				ENABLE_PREVIEWS = YES;
				INFOPLIST_FILE = NavigationBug/Info.plist;
				LD_RUNPATH_SEARCH_PATHS = (
					"$(inherited)",
					"@executable_path/Frameworks",
				);
				PRODUCT_BUNDLE_IDENTIFIER = com.quiq.NavigationBug;
				PRODUCT_NAME = "$(TARGET_NAME)";
				SWIFT_VERSION = 5.0;
				TARGETED_DEVICE_FAMILY = "1,2";
			};
			name = Debug;
		};
		EBC65DBB24F846F6004BF4A9 /* Release */ = {
			isa = XCBuildConfiguration;
			buildSettings = {
				ASSETCATALOG_COMPILER_APPICON_NAME = AppIcon;
				CODE_SIGN_STYLE = Automatic;
				DEVELOPMENT_ASSET_PATHS = "\"NavigationBug/Preview Content\"";
				ENABLE_PREVIEWS = YES;
				INFOPLIST_FILE = NavigationBug/Info.plist;
				LD_RUNPATH_SEARCH_PATHS = (
					"$(inherited)",
					"@executable_path/Frameworks",
				);
				PRODUCT_BUNDLE_IDENTIFIER = com.quiq.NavigationBug;
				PRODUCT_NAME = "$(TARGET_NAME)";
				SWIFT_VERSION = 5.0;
				TARGETED_DEVICE_FAMILY = "1,2";
			};
			name = Release;
		};
/* End XCBuildConfiguration section */

/* Begin XCConfigurationList section */
		EBC65DA024F846F2004BF4A9 /* Build configuration list for PBXProject "NavigationBug" */ = {
			isa = XCConfigurationList;
			buildConfigurations = (
				EBC65DB724F846F6004BF4A9 /* Debug */,
				EBC65DB824F846F6004BF4A9 /* Release */,
			);
			defaultConfigurationIsVisible = 0;
			defaultConfigurationName = Release;
		};
		EBC65DB924F846F6004BF4A9 /* Build configuration list for PBXNativeTarget "NavigationBug" */ = {
			isa = XCConfigurationList;
			buildConfigurations = (
				EBC65DBA24F846F6004BF4A9 /* Debug */,
				EBC65DBB24F846F6004BF4A9 /* Release */,
			);
			defaultConfigurationIsVisible = 0;
			defaultConfigurationName = Release;
		};
/* End XCConfigurationList section */
	};
	rootObject = EBC65D9D24F846F2004BF4A9 /* Project object */;
}
